
Microsoft Visual Studio Solution File, Format Version 12.00
# Visual Studio Version 17
VisualStudioVersion = 17.12.35707.178 d17.12
MinimumVisualStudioVersion = 10.0.40219.1
Project("{FAE04EC0-301F-11D3-BF4B-00C04F79EFBC}") = "ConsoleApp4.24", "ConsoleApp4.24\ConsoleApp4.24.csproj", "{D50E4A8D-0513-41F4-8500-855546ECD2DD}"
EndProject
Global
	GlobalSection(SolutionConfigurationPlatforms) = preSolution
		Debug|Any CPU = Debug|Any CPU
		Release|Any CPU = Release|Any CPU
	EndGlobalSection
	GlobalSection(ProjectConfigurationPlatforms) = postSolution
		{D50E4A8D-0513-41F4-8500-855546ECD2DD}.Debug|Any CPU.ActiveCfg = Debug|Any CPU
		{D50E4A8D-0513-41F4-8500-855546ECD2DD}.Debug|Any CPU.Build.0 = Debug|Any CPU
		{D50E4A8D-0513-41F4-8500-855546ECD2DD}.Release|Any CPU.ActiveCfg = Release|Any CPU
		{D50E4A8D-0513-41F4-8500-855546ECD2DD}.Release|Any CPU.Build.0 = Release|Any CPU
	EndGlobalSection
	GlobalSection(SolutionProperties) = preSolution
		HideSolutionNode = FALSE
	EndGlobalSection
EndGlobal
